
Microsoft Visual Studio Solution File, Format Version 12.00
# Visual Studio 14
VisualStudioVersion = 14.0.24720.0
MinimumVisualStudioVersion = 10.0.40219.1
Project("{FAE04EC0-301F-11D3-BF4B-00C04F79EFBC}") = "BreakContinue", "BreakContinue\BreakContinue.csproj", "{15FBEA16-0F4D-4908-8224-7531159792CF}"
EndProject
Global
	GlobalSection(SolutionConfigurationPlatforms) = preSolution
		Debug|Any CPU = Debug|Any CPU
		Release|Any CPU = Release|Any CPU
	EndGlobalSection
	GlobalSection(ProjectConfigurationPlatforms) = postSolution
		{15FBEA16-0F4D-4908-8224-7531159792CF}.Debug|Any CPU.ActiveCfg = Debug|Any CPU
		{15FBEA16-0F4D-4908-8224-7531159792CF}.Debug|Any CPU.Build.0 = Debug|Any CPU
		{15FBEA16-0F4D-4908-8224-7531159792CF}.Release|Any CPU.ActiveCfg = Release|Any CPU
		{15FBEA16-0F4D-4908-8224-7531159792CF}.Release|Any CPU.Build.0 = Release|Any CPU
	EndGlobalSection
	GlobalSection(SolutionProperties) = preSolution
		HideSolutionNode = FALSE
	EndGlobalSection
EndGlobal
